
Microsoft Visual Studio Solution File, Format Version 12.00
# Visual Studio Version 16
VisualStudioVersion = 16.0.31424.327
MinimumVisualStudioVersion = 10.0.40219.1
Project("{FAE04EC0-301F-11D3-BF4B-00C04F79EFBC}") = "SportsStore.Domain", "SportsStore.Domain\SportsStore.Domain.csproj", "{2B128DFE-3B70-413F-A396-4AD442CE70E5}"
EndProject
Project("{FAE04EC0-301F-11D3-BF4B-00C04F79EFBC}") = "SportsStore.WebUI", "SportsStore.WebUI\SportsStore.WebUI.csproj", "{44A83205-78EF-430E-97BC-698D6E4C2CD3}"
EndProject
Project("{FAE04EC0-301F-11D3-BF4B-00C04F79EFBC}") = "SportsStore.UnitTests", "SportsStore.UnitTests\SportsStore.UnitTests.csproj", "{76BB8B2E-DD5B-41C9-B601-D0D423EC6196}"
EndProject
Global
	GlobalSection(SolutionConfigurationPlatforms) = preSolution
		Debug|Any CPU = Debug|Any CPU
		Release|Any CPU = Release|Any CPU
	EndGlobalSection
	GlobalSection(ProjectConfigurationPlatforms) = postSolution
		{2B128DFE-3B70-413F-A396-4AD442CE70E5}.Debug|Any CPU.ActiveCfg = Debug|Any CPU
		{2B128DFE-3B70-413F-A396-4AD442CE70E5}.Debug|Any CPU.Build.0 = Debug|Any CPU
		{2B128DFE-3B70-413F-A396-4AD442CE70E5}.Release|Any CPU.ActiveCfg = Release|Any CPU
		{2B128DFE-3B70-413F-A396-4AD442CE70E5}.Release|Any CPU.Build.0 = Release|Any CPU
		{44A83205-78EF-430E-97BC-698D6E4C2CD3}.Debug|Any CPU.ActiveCfg = Debug|Any CPU
		{44A83205-78EF-430E-97BC-698D6E4C2CD3}.Debug|Any CPU.Build.0 = Debug|Any CPU
		{44A83205-78EF-430E-97BC-698D6E4C2CD3}.Release|Any CPU.ActiveCfg = Release|Any CPU
		{44A83205-78EF-430E-97BC-698D6E4C2CD3}.Release|Any CPU.Build.0 = Release|Any CPU
		{76BB8B2E-DD5B-41C9-B601-D0D423EC6196}.Debug|Any CPU.ActiveCfg = Debug|Any CPU
		{76BB8B2E-DD5B-41C9-B601-D0D423EC6196}.Debug|Any CPU.Build.0 = Debug|Any CPU
		{76BB8B2E-DD5B-41C9-B601-D0D423EC6196}.Release|Any CPU.ActiveCfg = Release|Any CPU
		{76BB8B2E-DD5B-41C9-B601-D0D423EC6196}.Release|Any CPU.Build.0 = Release|Any CPU
	EndGlobalSection
	GlobalSection(SolutionProperties) = preSolution
		HideSolutionNode = FALSE
	EndGlobalSection
	GlobalSection(ExtensibilityGlobals) = postSolution
		SolutionGuid = {928FCB1C-C173-408F-BEA6-DA1CF91CCB1C}
	EndGlobalSection
EndGlobal
